
Microsoft Visual Studio Solution File, Format Version 12.00
# Visual Studio Version 17
VisualStudioVersion = 17.6.33829.357
MinimumVisualStudioVersion = 10.0.40219.1
Project("{FAE04EC0-301F-11D3-BF4B-00C04F79EFBC}") = "RRHHWF", "BD-RRHH\RRHHWF.csproj", "{B618A3E1-C2ED-4727-AFC4-261CE5220FD5}"
EndProject
Project("{FAE04EC0-301F-11D3-BF4B-00C04F79EFBC}") = "RRHHDA", "RRHHDA\RRHHDA.csproj", "{4604ED72-099B-4D57-9743-BA1463D876D1}"
EndProject
Project("{FAE04EC0-301F-11D3-BF4B-00C04F79EFBC}") = "RRHHBL", "RRHHBL\RRHHBL.csproj", "{721EB8D1-6592-4AAB-A491-681963719092}"
EndProject
Project("{FAE04EC0-301F-11D3-BF4B-00C04F79EFBC}") = "RRHHBE", "RRHHBE\RRHHBE.csproj", "{F2DB93BB-FF13-400C-9DE4-76CB6826B129}"
EndProject
Project("{FAE04EC0-301F-11D3-BF4B-00C04F79EFBC}") = "RRHHEF", "RRHHEF\RRHHEF.csproj", "{81D3D497-7910-480B-8D16-15CB8480034C}"
EndProject
Project("{2150E333-8FDC-42A3-9474-1A3956D46DE8}") = "00.Entities", "00.Entities", "{5F3C424A-0C83-4275-8AA2-9EC02C265DEC}"
EndProject
Project("{2150E333-8FDC-42A3-9474-1A3956D46DE8}") = "01.DataAccess", "01.DataAccess", "{DBD48515-FB91-44A3-ACE7-A5A8B1D1A361}"
EndProject
Project("{2150E333-8FDC-42A3-9474-1A3956D46DE8}") = "02.BusinessLogic", "02.BusinessLogic", "{529EEDE6-A20C-4C53-BB88-A4E26D2128EB}"
EndProject
Project("{2150E333-8FDC-42A3-9474-1A3956D46DE8}") = "03.Presentation", "03.Presentation", "{09A1DDB5-DEE0-40AC-8FC6-2D5C3941AB31}"
EndProject
Global
	GlobalSection(SolutionConfigurationPlatforms) = preSolution
		Debug|Any CPU = Debug|Any CPU
		Release|Any CPU = Release|Any CPU
	EndGlobalSection
	GlobalSection(ProjectConfigurationPlatforms) = postSolution
		{B618A3E1-C2ED-4727-AFC4-261CE5220FD5}.Debug|Any CPU.ActiveCfg = Debug|Any CPU
		{B618A3E1-C2ED-4727-AFC4-261CE5220FD5}.Debug|Any CPU.Build.0 = Debug|Any CPU
		{B618A3E1-C2ED-4727-AFC4-261CE5220FD5}.Release|Any CPU.ActiveCfg = Release|Any CPU
		{B618A3E1-C2ED-4727-AFC4-261CE5220FD5}.Release|Any CPU.Build.0 = Release|Any CPU
		{4604ED72-099B-4D57-9743-BA1463D876D1}.Debug|Any CPU.ActiveCfg = Debug|Any CPU
		{4604ED72-099B-4D57-9743-BA1463D876D1}.Debug|Any CPU.Build.0 = Debug|Any CPU
		{4604ED72-099B-4D57-9743-BA1463D876D1}.Release|Any CPU.ActiveCfg = Release|Any CPU
		{4604ED72-099B-4D57-9743-BA1463D876D1}.Release|Any CPU.Build.0 = Release|Any CPU
		{721EB8D1-6592-4AAB-A491-681963719092}.Debug|Any CPU.ActiveCfg = Debug|Any CPU
		{721EB8D1-6592-4AAB-A491-681963719092}.Debug|Any CPU.Build.0 = Debug|Any CPU
		{721EB8D1-6592-4AAB-A491-681963719092}.Release|Any CPU.ActiveCfg = Release|Any CPU
		{721EB8D1-6592-4AAB-A491-681963719092}.Release|Any CPU.Build.0 = Release|Any CPU
		{F2DB93BB-FF13-400C-9DE4-76CB6826B129}.Debug|Any CPU.ActiveCfg = Debug|Any CPU
		{F2DB93BB-FF13-400C-9DE4-76CB6826B129}.Debug|Any CPU.Build.0 = Debug|Any CPU
		{F2DB93BB-FF13-400C-9DE4-76CB6826B129}.Release|Any CPU.ActiveCfg = Release|Any CPU
		{F2DB93BB-FF13-400C-9DE4-76CB6826B129}.Release|Any CPU.Build.0 = Release|Any CPU
		{81D3D497-7910-480B-8D16-15CB8480034C}.Debug|Any CPU.ActiveCfg = Debug|Any CPU
		{81D3D497-7910-480B-8D16-15CB8480034C}.Debug|Any CPU.Build.0 = Debug|Any CPU
		{81D3D497-7910-480B-8D16-15CB8480034C}.Release|Any CPU.ActiveCfg = Release|Any CPU
		{81D3D497-7910-480B-8D16-15CB8480034C}.Release|Any CPU.Build.0 = Release|Any CPU
	EndGlobalSection
	GlobalSection(SolutionProperties) = preSolution
		HideSolutionNode = FALSE
	EndGlobalSection
	GlobalSection(NestedProjects) = preSolution
		{B618A3E1-C2ED-4727-AFC4-261CE5220FD5} = {09A1DDB5-DEE0-40AC-8FC6-2D5C3941AB31}
		{4604ED72-099B-4D57-9743-BA1463D876D1} = {DBD48515-FB91-44A3-ACE7-A5A8B1D1A361}
		{721EB8D1-6592-4AAB-A491-681963719092} = {529EEDE6-A20C-4C53-BB88-A4E26D2128EB}
		{F2DB93BB-FF13-400C-9DE4-76CB6826B129} = {5F3C424A-0C83-4275-8AA2-9EC02C265DEC}
		{81D3D497-7910-480B-8D16-15CB8480034C} = {5F3C424A-0C83-4275-8AA2-9EC02C265DEC}
	EndGlobalSection
	GlobalSection(ExtensibilityGlobals) = postSolution
		SolutionGuid = {F6B4311F-23EA-4A52-8A15-63F473A0B2BE}
	EndGlobalSection
EndGlobal
